# Lockfile v4
# This file is automatically generated by Wapm.
# It is not intended for manual editing. The schema of this file may change.
[modules."_/php"."0.1.1".php]
name = "php"
package_version = "0.1.1"
package_name = "_/php"
package_path = "_/php@0.1.1"
resolved = "https://registry-cdn.wapm.io/packages/_/php/php-0.1.1.tar.gz"
resolved_source = "registry+php"
abi = "emscripten"
source = "php.wasm"
prehashed_module_key = "8bffe9c965a8cb2d619f775e105efd11a74586db4831e325394c9a6c1fca88ad1c2c8220d467dc17cbe62dca324c799d427301fddc4a3fc53f87bf6329ab64f7"
[commands.php]
name = "php"
package_name = "_/php"
package_version = "0.1.1"
module = "php"
is_top_level_dependency = true
