# Lockfile v4
# This file is automatically generated by Wapm.
# It is not intended for manual editing. The schema of this file may change.
[modules."_/cowsay"."0.2.0".cowsay]
name = "cowsay"
package_version = "0.2.0"
package_name = "_/cowsay"
package_path = "_/cowsay@0.2.0"
resolved = "https://registry-cdn.wapm.io/packages/_/cowsay/cowsay-0.2.0.tar.gz"
resolved_source = "registry+cowsay"
abi = "wasi"
source = "target/wasm32-wasi/release/cowsay.wasm"
prehashed_module_key = "8e29488fe5f1129aae98029ebdc2da6c702b7273bc583d1e7922d216f158281b9ba969763eeed1fb2b2ef202a3bcc54d5d5b9d3f56e0731ddd25f9017a313f61"
[commands.cowsay]
name = "cowsay"
package_name = "_/cowsay"
package_version = "0.2.0"
module = "cowsay"
is_top_level_dependency = true

[commands.cowthink]
name = "cowthink"
package_name = "_/cowsay"
package_version = "0.2.0"
module = "cowsay"
is_top_level_dependency = true
